// !$*UTF8*$!
{
	archiveVersion = 1;
	classes = {
	};
	objectVersion = 51;
	objects = {

/* Begin PBXBuildFile section */
		391E256260C9EBF330FE398A /* Pods_JukeTests.framework in Frameworks */ = {isa = PBXBuildFile; fileRef = 76061F0A7C42AFE5577F6A66 /* Pods_JukeTests.framework */; };
		6EAA3521268377D600F9735B /* Store.swift in Sources */ = {isa = PBXBuildFile; fileRef = 6EAA3520268377D600F9735B /* Store.swift */; };
		6EC4DA4726830193009A8A61 /* Assets.xcassets in Resources */ = {isa = PBXBuildFile; fileRef = 6EC4DA4626830193009A8A61 /* Assets.xcassets */; };
		6EC4DA4A26830193009A8A61 /* Preview Assets.xcassets in Resources */ = {isa = PBXBuildFile; fileRef = 6EC4DA4926830193009A8A61 /* Preview Assets.xcassets */; };
		6EC4DA5526830193009A8A61 /* JukeTests.swift in Sources */ = {isa = PBXBuildFile; fileRef = 6EC4DA5426830193009A8A61 /* JukeTests.swift */; };
		6EC4DA6026830193009A8A61 /* JukeUITests.swift in Sources */ = {isa = PBXBuildFile; fileRef = 6EC4DA5F26830193009A8A61 /* JukeUITests.swift */; };
		6EC4DA6E268301BB009A8A61 /* GoogleService-Info.plist in Resources */ = {isa = PBXBuildFile; fileRef = 6EC4DA6D268301BB009A8A61 /* GoogleService-Info.plist */; };
		6EC4DA72268301E3009A8A61 /* JukeApp.swift in Sources */ = {isa = PBXBuildFile; fileRef = 6EC4DA71268301E3009A8A61 /* JukeApp.swift */; };
		6EC4DA9C26830250009A8A61 /* UserAutherization.swift in Sources */ = {isa = PBXBuildFile; fileRef = 6EC4DA9126830250009A8A61 /* UserAutherization.swift */; };
		6EC4DA9E26830250009A8A61 /* Action.swift in Sources */ = {isa = PBXBuildFile; fileRef = 6EC4DA9326830250009A8A61 /* Action.swift */; };
		6EC4DA9F26830250009A8A61 /* AuthStatusView.swift in Sources */ = {isa = PBXBuildFile; fileRef = 6EC4DA9526830250009A8A61 /* AuthStatusView.swift */; };
		6EC4DAA026830250009A8A61 /* LogInView.swift in Sources */ = {isa = PBXBuildFile; fileRef = 6EC4DA9626830250009A8A61 /* LogInView.swift */; };
		6EC4DAA126830250009A8A61 /* RootView.swift in Sources */ = {isa = PBXBuildFile; fileRef = 6EC4DA9726830250009A8A61 /* RootView.swift */; };
		6EC4DAA226830250009A8A61 /* ContentView.swift in Sources */ = {isa = PBXBuildFile; fileRef = 6EC4DA9826830250009A8A61 /* ContentView.swift */; };
		79F7177172F45B6C9E7867A5 /* Pods_Juke.framework in Frameworks */ = {isa = PBXBuildFile; fileRef = 799FD58C1849252F35568B41 /* Pods_Juke.framework */; };
		DED613D0480A07FFB8B7EDBE /* Pods_Juke_JukeUITests.framework in Frameworks */ = {isa = PBXBuildFile; fileRef = D0B940F92341B9142A278E24 /* Pods_Juke_JukeUITests.framework */; };
/* End PBXBuildFile section */

/* Begin PBXContainerItemProxy section */
		6EC4DA5126830193009A8A61 /* PBXContainerItemProxy */ = {
			isa = PBXContainerItemProxy;
			containerPortal = 6EC4DA3726830192009A8A61 /* Project object */;
			proxyType = 1;
			remoteGlobalIDString = 6EC4DA3E26830192009A8A61;
			remoteInfo = Juke;
		};
		6EC4DA5C26830193009A8A61 /* PBXContainerItemProxy */ = {
			isa = PBXContainerItemProxy;
			containerPortal = 6EC4DA3726830192009A8A61 /* Project object */;
			proxyType = 1;
			remoteGlobalIDString = 6EC4DA3E26830192009A8A61;
			remoteInfo = Juke;
		};
/* End PBXContainerItemProxy section */

/* Begin PBXFileReference section */
		196648BCD8DCA90AE4B6BB86 /* Pods-Juke.release.xcconfig */ = {isa = PBXFileReference; includeInIndex = 1; lastKnownFileType = text.xcconfig; name = "Pods-Juke.release.xcconfig"; path = "Target Support Files/Pods-Juke/Pods-Juke.release.xcconfig"; sourceTree = "<group>"; };
		3D87E632CA4D208D12A6DFBA /* Pods-Juke-JukeUITests.release.xcconfig */ = {isa = PBXFileReference; includeInIndex = 1; lastKnownFileType = text.xcconfig; name = "Pods-Juke-JukeUITests.release.xcconfig"; path = "Target Support Files/Pods-Juke-JukeUITests/Pods-Juke-JukeUITests.release.xcconfig"; sourceTree = "<group>"; };
		41A07F5D3738BCBCC3504103 /* Pods-JukeTests.debug.xcconfig */ = {isa = PBXFileReference; includeInIndex = 1; lastKnownFileType = text.xcconfig; name = "Pods-JukeTests.debug.xcconfig"; path = "Target Support Files/Pods-JukeTests/Pods-JukeTests.debug.xcconfig"; sourceTree = "<group>"; };
		6EAA3520268377D600F9735B /* Store.swift */ = {isa = PBXFileReference; lastKnownFileType = sourcecode.swift; path = Store.swift; sourceTree = "<group>"; };
		6EC4DA3F26830192009A8A61 /* Juke.app */ = {isa = PBXFileReference; explicitFileType = wrapper.application; includeInIndex = 0; path = Juke.app; sourceTree = BUILT_PRODUCTS_DIR; };
		6EC4DA4626830193009A8A61 /* Assets.xcassets */ = {isa = PBXFileReference; lastKnownFileType = folder.assetcatalog; path = Assets.xcassets; sourceTree = "<group>"; };
		6EC4DA4926830193009A8A61 /* Preview Assets.xcassets */ = {isa = PBXFileReference; lastKnownFileType = folder.assetcatalog; path = "Preview Assets.xcassets"; sourceTree = "<group>"; };
		6EC4DA4B26830193009A8A61 /* Info.plist */ = {isa = PBXFileReference; lastKnownFileType = text.plist.xml; path = Info.plist; sourceTree = "<group>"; };
		6EC4DA5026830193009A8A61 /* JukeTests.xctest */ = {isa = PBXFileReference; explicitFileType = wrapper.cfbundle; includeInIndex = 0; path = JukeTests.xctest; sourceTree = BUILT_PRODUCTS_DIR; };
		6EC4DA5426830193009A8A61 /* JukeTests.swift */ = {isa = PBXFileReference; lastKnownFileType = sourcecode.swift; path = JukeTests.swift; sourceTree = "<group>"; };
		6EC4DA5626830193009A8A61 /* Info.plist */ = {isa = PBXFileReference; lastKnownFileType = text.plist.xml; path = Info.plist; sourceTree = "<group>"; };
		6EC4DA5B26830193009A8A61 /* JukeUITests.xctest */ = {isa = PBXFileReference; explicitFileType = wrapper.cfbundle; includeInIndex = 0; path = JukeUITests.xctest; sourceTree = BUILT_PRODUCTS_DIR; };
		6EC4DA5F26830193009A8A61 /* JukeUITests.swift */ = {isa = PBXFileReference; lastKnownFileType = sourcecode.swift; path = JukeUITests.swift; sourceTree = "<group>"; };
		6EC4DA6126830193009A8A61 /* Info.plist */ = {isa = PBXFileReference; lastKnownFileType = text.plist.xml; path = Info.plist; sourceTree = "<group>"; };
		6EC4DA6D268301BB009A8A61 /* GoogleService-Info.plist */ = {isa = PBXFileReference; fileEncoding = 4; lastKnownFileType = text.plist.xml; path = "GoogleService-Info.plist"; sourceTree = "<group>"; };
		6EC4DA71268301E3009A8A61 /* JukeApp.swift */ = {isa = PBXFileReference; fileEncoding = 4; lastKnownFileType = sourcecode.swift; path = JukeApp.swift; sourceTree = "<group>"; };
		6EC4DA9126830250009A8A61 /* UserAutherization.swift */ = {isa = PBXFileReference; fileEncoding = 4; lastKnownFileType = sourcecode.swift; path = UserAutherization.swift; sourceTree = "<group>"; };
		6EC4DA9326830250009A8A61 /* Action.swift */ = {isa = PBXFileReference; fileEncoding = 4; lastKnownFileType = sourcecode.swift; path = Action.swift; sourceTree = "<group>"; };
		6EC4DA9526830250009A8A61 /* AuthStatusView.swift */ = {isa = PBXFileReference; fileEncoding = 4; lastKnownFileType = sourcecode.swift; path = AuthStatusView.swift; sourceTree = "<group>"; };
		6EC4DA9626830250009A8A61 /* LogInView.swift */ = {isa = PBXFileReference; fileEncoding = 4; lastKnownFileType = sourcecode.swift; path = LogInView.swift; sourceTree = "<group>"; };
		6EC4DA9726830250009A8A61 /* RootView.swift */ = {isa = PBXFileReference; fileEncoding = 4; lastKnownFileType = sourcecode.swift; path = RootView.swift; sourceTree = "<group>"; };
		6EC4DA9826830250009A8A61 /* ContentView.swift */ = {isa = PBXFileReference; fileEncoding = 4; lastKnownFileType = sourcecode.swift; path = ContentView.swift; sourceTree = "<group>"; };
		76061F0A7C42AFE5577F6A66 /* Pods_JukeTests.framework */ = {isa = PBXFileReference; explicitFileType = wrapper.framework; includeInIndex = 0; path = Pods_JukeTests.framework; sourceTree = BUILT_PRODUCTS_DIR; };
		799FD58C1849252F35568B41 /* Pods_Juke.framework */ = {isa = PBXFileReference; explicitFileType = wrapper.framework; includeInIndex = 0; path = Pods_Juke.framework; sourceTree = BUILT_PRODUCTS_DIR; };
		CA90BC8770960C2E0A7CE6D7 /* Pods-JukeTests.release.xcconfig */ = {isa = PBXFileReference; includeInIndex = 1; lastKnownFileType = text.xcconfig; name = "Pods-JukeTests.release.xcconfig"; path = "Target Support Files/Pods-JukeTests/Pods-JukeTests.release.xcconfig"; sourceTree = "<group>"; };
		D0B940F92341B9142A278E24 /* Pods_Juke_JukeUITests.framework */ = {isa = PBXFileReference; explicitFileType = wrapper.framework; includeInIndex = 0; path = Pods_Juke_JukeUITests.framework; sourceTree = BUILT_PRODUCTS_DIR; };
		DCB53382DF1778C18C175BFE /* Pods-Juke-JukeUITests.debug.xcconfig */ = {isa = PBXFileReference; includeInIndex = 1; lastKnownFileType = text.xcconfig; name = "Pods-Juke-JukeUITests.debug.xcconfig"; path = "Target Support Files/Pods-Juke-JukeUITests/Pods-Juke-JukeUITests.debug.xcconfig"; sourceTree = "<group>"; };
		E27439E73C745EE38E401751 /* Pods-Juke.debug.xcconfig */ = {isa = PBXFileReference; includeInIndex = 1; lastKnownFileType = text.xcconfig; name = "Pods-Juke.debug.xcconfig"; path = "Target Support Files/Pods-Juke/Pods-Juke.debug.xcconfig"; sourceTree = "<group>"; };
/* End PBXFileReference section */

/* Begin PBXFrameworksBuildPhase section */
		6EC4DA3C26830192009A8A61 /* Frameworks */ = {
			isa = PBXFrameworksBuildPhase;
			buildActionMask = 2147483647;
			files = (
				79F7177172F45B6C9E7867A5 /* Pods_Juke.framework in Frameworks */,
			);
			runOnlyForDeploymentPostprocessing = 0;
		};
		6EC4DA4D26830193009A8A61 /* Frameworks */ = {
			isa = PBXFrameworksBuildPhase;
			buildActionMask = 2147483647;
			files = (
				391E256260C9EBF330FE398A /* Pods_JukeTests.framework in Frameworks */,
			);
			runOnlyForDeploymentPostprocessing = 0;
		};
		6EC4DA5826830193009A8A61 /* Frameworks */ = {
			isa = PBXFrameworksBuildPhase;
			buildActionMask = 2147483647;
			files = (
				DED613D0480A07FFB8B7EDBE /* Pods_Juke_JukeUITests.framework in Frameworks */,
			);
			runOnlyForDeploymentPostprocessing = 0;
		};
/* End PBXFrameworksBuildPhase section */

/* Begin PBXGroup section */
		6EC4DA3626830192009A8A61 = {
			isa = PBXGroup;
			children = (
				6EC4DA4126830192009A8A61 /* Juke */,
				6EC4DA5326830193009A8A61 /* JukeTests */,
				6EC4DA5E26830193009A8A61 /* JukeUITests */,
				6EC4DA4026830192009A8A61 /* Products */,
				EEA718BFEFE64BB5AF21376C /* Pods */,
				9966DB65885F0D8BC7BDE7BB /* Frameworks */,
			);
			sourceTree = "<group>";
		};
		6EC4DA4026830192009A8A61 /* Products */ = {
			isa = PBXGroup;
			children = (
				6EC4DA3F26830192009A8A61 /* Juke.app */,
				6EC4DA5026830193009A8A61 /* JukeTests.xctest */,
				6EC4DA5B26830193009A8A61 /* JukeUITests.xctest */,
			);
			name = Products;
			sourceTree = "<group>";
		};
		6EC4DA4126830192009A8A61 /* Juke */ = {
			isa = PBXGroup;
			children = (
				6EC4DA8D26830250009A8A61 /* Model */,
				6EC4DA9426830250009A8A61 /* View */,
				6EC4DA71268301E3009A8A61 /* JukeApp.swift */,
				6EC4DA4626830193009A8A61 /* Assets.xcassets */,
				6EC4DA4B26830193009A8A61 /* Info.plist */,
				6EC4DA6D268301BB009A8A61 /* GoogleService-Info.plist */,
				6EC4DA4826830193009A8A61 /* Preview Content */,
			);
			path = Juke;
			sourceTree = "<group>";
		};
		6EC4DA4826830193009A8A61 /* Preview Content */ = {
			isa = PBXGroup;
			children = (
				6EC4DA4926830193009A8A61 /* Preview Assets.xcassets */,
			);
			path = "Preview Content";
			sourceTree = "<group>";
		};
		6EC4DA5326830193009A8A61 /* JukeTests */ = {
			isa = PBXGroup;
			children = (
				6EC4DA5426830193009A8A61 /* JukeTests.swift */,
				6EC4DA5626830193009A8A61 /* Info.plist */,
			);
			path = JukeTests;
			sourceTree = "<group>";
		};
		6EC4DA5E26830193009A8A61 /* JukeUITests */ = {
			isa = PBXGroup;
			children = (
				6EC4DA5F26830193009A8A61 /* JukeUITests.swift */,
				6EC4DA6126830193009A8A61 /* Info.plist */,
			);
			path = JukeUITests;
			sourceTree = "<group>";
		};
		6EC4DA8D26830250009A8A61 /* Model */ = {
			isa = PBXGroup;
			children = (
				6EC4DA9126830250009A8A61 /* UserAutherization.swift */,
				6EC4DA9326830250009A8A61 /* Action.swift */,
				6EAA3520268377D600F9735B /* Store.swift */,
			);
			path = Model;
			sourceTree = "<group>";
		};
		6EC4DA9426830250009A8A61 /* View */ = {
			isa = PBXGroup;
			children = (
				6EC4DA9526830250009A8A61 /* AuthStatusView.swift */,
				6EC4DA9626830250009A8A61 /* LogInView.swift */,
				6EC4DA9726830250009A8A61 /* RootView.swift */,
				6EC4DA9826830250009A8A61 /* ContentView.swift */,
			);
			path = View;
			sourceTree = "<group>";
		};
		9966DB65885F0D8BC7BDE7BB /* Frameworks */ = {
			isa = PBXGroup;
			children = (
				799FD58C1849252F35568B41 /* Pods_Juke.framework */,
				D0B940F92341B9142A278E24 /* Pods_Juke_JukeUITests.framework */,
				76061F0A7C42AFE5577F6A66 /* Pods_JukeTests.framework */,
			);
			name = Frameworks;
			sourceTree = "<group>";
		};
		EEA718BFEFE64BB5AF21376C /* Pods */ = {
			isa = PBXGroup;
			children = (
				E27439E73C745EE38E401751 /* Pods-Juke.debug.xcconfig */,
				196648BCD8DCA90AE4B6BB86 /* Pods-Juke.release.xcconfig */,
				DCB53382DF1778C18C175BFE /* Pods-Juke-JukeUITests.debug.xcconfig */,
				3D87E632CA4D208D12A6DFBA /* Pods-Juke-JukeUITests.release.xcconfig */,
				41A07F5D3738BCBCC3504103 /* Pods-JukeTests.debug.xcconfig */,
				CA90BC8770960C2E0A7CE6D7 /* Pods-JukeTests.release.xcconfig */,
			);
			path = Pods;
			sourceTree = "<group>";
		};
/* End PBXGroup section */

/* Begin PBXNativeTarget section */
		6EC4DA3E26830192009A8A61 /* Juke */ = {
			isa = PBXNativeTarget;
			buildConfigurationList = 6EC4DA6426830193009A8A61 /* Build configuration list for PBXNativeTarget "Juke" */;
			buildPhases = (
				93DD7556090F784AD1D9E296 /* [CP] Check Pods Manifest.lock */,
				6EC4DA3B26830192009A8A61 /* Sources */,
				6EC4DA3C26830192009A8A61 /* Frameworks */,
				6EC4DA3D26830192009A8A61 /* Resources */,
				0538C093A9A4583CC3C3DA6F /* [CP] Embed Pods Frameworks */,
			);
			buildRules = (
			);
			dependencies = (
			);
			name = Juke;
			productName = Juke;
			productReference = 6EC4DA3F26830192009A8A61 /* Juke.app */;
			productType = "com.apple.product-type.application";
		};
		6EC4DA4F26830193009A8A61 /* JukeTests */ = {
			isa = PBXNativeTarget;
			buildConfigurationList = 6EC4DA6726830193009A8A61 /* Build configuration list for PBXNativeTarget "JukeTests" */;
			buildPhases = (
				C253AA2928507683F07369DE /* [CP] Check Pods Manifest.lock */,
				6EC4DA4C26830193009A8A61 /* Sources */,
				6EC4DA4D26830193009A8A61 /* Frameworks */,
				6EC4DA4E26830193009A8A61 /* Resources */,
			);
			buildRules = (
			);
			dependencies = (
				6EC4DA5226830193009A8A61 /* PBXTargetDependency */,
			);
			name = JukeTests;
			productName = JukeTests;
			productReference = 6EC4DA5026830193009A8A61 /* JukeTests.xctest */;
			productType = "com.apple.product-type.bundle.unit-test";
		};
		6EC4DA5A26830193009A8A61 /* JukeUITests */ = {
			isa = PBXNativeTarget;
			buildConfigurationList = 6EC4DA6A26830193009A8A61 /* Build configuration list for PBXNativeTarget "JukeUITests" */;
			buildPhases = (
				E5DD2E94F1E3568038C18AA3 /* [CP] Check Pods Manifest.lock */,
				6EC4DA5726830193009A8A61 /* Sources */,
				6EC4DA5826830193009A8A61 /* Frameworks */,
				6EC4DA5926830193009A8A61 /* Resources */,
				98B8ED06D76B641E98FEF449 /* [CP] Embed Pods Frameworks */,
			);
			buildRules = (
			);
			dependencies = (
				6EC4DA5D26830193009A8A61 /* PBXTargetDependency */,
			);
			name = JukeUITests;
			productName = JukeUITests;
			productReference = 6EC4DA5B26830193009A8A61 /* JukeUITests.xctest */;
			productType = "com.apple.product-type.bundle.ui-testing";
		};
/* End PBXNativeTarget section */

/* Begin PBXProject section */
		6EC4DA3726830192009A8A61 /* Project object */ = {
			isa = PBXProject;
			attributes = {
				LastSwiftUpdateCheck = 1250;
				LastUpgradeCheck = 1250;
				TargetAttributes = {
					6EC4DA3E26830192009A8A61 = {
						CreatedOnToolsVersion = 12.5;
					};
					6EC4DA4F26830193009A8A61 = {
						CreatedOnToolsVersion = 12.5;
						TestTargetID = 6EC4DA3E26830192009A8A61;
					};
					6EC4DA5A26830193009A8A61 = {
						CreatedOnToolsVersion = 12.5;
						TestTargetID = 6EC4DA3E26830192009A8A61;
					};
				};
			};
			buildConfigurationList = 6EC4DA3A26830192009A8A61 /* Build configuration list for PBXProject "Juke" */;
			compatibilityVersion = "Xcode 9.3";
			developmentRegion = en;
			hasScannedForEncodings = 0;
			knownRegions = (
				en,
				Base,
			);
			mainGroup = 6EC4DA3626830192009A8A61;
			productRefGroup = 6EC4DA4026830192009A8A61 /* Products */;
			projectDirPath = "";
			projectRoot = "";
			targets = (
				6EC4DA3E26830192009A8A61 /* Juke */,
				6EC4DA4F26830193009A8A61 /* JukeTests */,
				6EC4DA5A26830193009A8A61 /* JukeUITests */,
			);
		};
/* End PBXProject section */

/* Begin PBXResourcesBuildPhase section */
		6EC4DA3D26830192009A8A61 /* Resources */ = {
			isa = PBXResourcesBuildPhase;
			buildActionMask = 2147483647;
			files = (
				6EC4DA4A26830193009A8A61 /* Preview Assets.xcassets in Resources */,
				6EC4DA4726830193009A8A61 /* Assets.xcassets in Resources */,
				6EC4DA6E268301BB009A8A61 /* GoogleService-Info.plist in Resources */,
			);
			runOnlyForDeploymentPostprocessing = 0;
		};
		6EC4DA4E26830193009A8A61 /* Resources */ = {
			isa = PBXResourcesBuildPhase;
			buildActionMask = 2147483647;
			files = (
			);
			runOnlyForDeploymentPostprocessing = 0;
		};
		6EC4DA5926830193009A8A61 /* Resources */ = {
			isa = PBXResourcesBuildPhase;
			buildActionMask = 2147483647;
			files = (
			);
			runOnlyForDeploymentPostprocessing = 0;
		};
/* End PBXResourcesBuildPhase section */

/* Begin PBXShellScriptBuildPhase section */
		0538C093A9A4583CC3C3DA6F /* [CP] Embed Pods Frameworks */ = {
			isa = PBXShellScriptBuildPhase;
			buildActionMask = 2147483647;
			files = (
			);
			inputFileListPaths = (
				"${PODS_ROOT}/Target Support Files/Pods-Juke/Pods-Juke-frameworks-${CONFIGURATION}-input-files.xcfilelist",
			);
			name = "[CP] Embed Pods Frameworks";
			outputFileListPaths = (
				"${PODS_ROOT}/Target Support Files/Pods-Juke/Pods-Juke-frameworks-${CONFIGURATION}-output-files.xcfilelist",
			);
			runOnlyForDeploymentPostprocessing = 0;
			shellPath = /bin/sh;
			shellScript = "\"${PODS_ROOT}/Target Support Files/Pods-Juke/Pods-Juke-frameworks.sh\"\n";
			showEnvVarsInLog = 0;
		};
		93DD7556090F784AD1D9E296 /* [CP] Check Pods Manifest.lock */ = {
			isa = PBXShellScriptBuildPhase;
			buildActionMask = 2147483647;
			files = (
			);
			inputFileListPaths = (
			);
			inputPaths = (
				"${PODS_PODFILE_DIR_PATH}/Podfile.lock",
				"${PODS_ROOT}/Manifest.lock",
			);
			name = "[CP] Check Pods Manifest.lock";
			outputFileListPaths = (
			);
			outputPaths = (
				"$(DERIVED_FILE_DIR)/Pods-Juke-checkManifestLockResult.txt",
			);
			runOnlyForDeploymentPostprocessing = 0;
			shellPath = /bin/sh;
			shellScript = "diff \"${PODS_PODFILE_DIR_PATH}/Podfile.lock\" \"${PODS_ROOT}/Manifest.lock\" > /dev/null\nif [ $? != 0 ] ; then\n    # print error to STDERR\n    echo \"error: The sandbox is not in sync with the Podfile.lock. Run 'pod install' or update your CocoaPods installation.\" >&2\n    exit 1\nfi\n# This output is used by Xcode 'outputs' to avoid re-running this script phase.\necho \"SUCCESS\" > \"${SCRIPT_OUTPUT_FILE_0}\"\n";
			showEnvVarsInLog = 0;
		};
		98B8ED06D76B641E98FEF449 /* [CP] Embed Pods Frameworks */ = {
			isa = PBXShellScriptBuildPhase;
			buildActionMask = 2147483647;
			files = (
			);
			inputFileListPaths = (
				"${PODS_ROOT}/Target Support Files/Pods-Juke-JukeUITests/Pods-Juke-JukeUITests-frameworks-${CONFIGURATION}-input-files.xcfilelist",
			);
			name = "[CP] Embed Pods Frameworks";
			outputFileListPaths = (
				"${PODS_ROOT}/Target Support Files/Pods-Juke-JukeUITests/Pods-Juke-JukeUITests-frameworks-${CONFIGURATION}-output-files.xcfilelist",
			);
			runOnlyForDeploymentPostprocessing = 0;
			shellPath = /bin/sh;
			shellScript = "\"${PODS_ROOT}/Target Support Files/Pods-Juke-JukeUITests/Pods-Juke-JukeUITests-frameworks.sh\"\n";
			showEnvVarsInLog = 0;
		};
		C253AA2928507683F07369DE /* [CP] Check Pods Manifest.lock */ = {
			isa = PBXShellScriptBuildPhase;
			buildActionMask = 2147483647;
			files = (
			);
			inputFileListPaths = (
			);
			inputPaths = (
				"${PODS_PODFILE_DIR_PATH}/Podfile.lock",
				"${PODS_ROOT}/Manifest.lock",
			);
			name = "[CP] Check Pods Manifest.lock";
			outputFileListPaths = (
			);
			outputPaths = (
				"$(DERIVED_FILE_DIR)/Pods-JukeTests-checkManifestLockResult.txt",
			);
			runOnlyForDeploymentPostprocessing = 0;
			shellPath = /bin/sh;
			shellScript = "diff \"${PODS_PODFILE_DIR_PATH}/Podfile.lock\" \"${PODS_ROOT}/Manifest.lock\" > /dev/null\nif [ $? != 0 ] ; then\n    # print error to STDERR\n    echo \"error: The sandbox is not in sync with the Podfile.lock. Run 'pod install' or update your CocoaPods installation.\" >&2\n    exit 1\nfi\n# This output is used by Xcode 'outputs' to avoid re-running this script phase.\necho \"SUCCESS\" > \"${SCRIPT_OUTPUT_FILE_0}\"\n";
			showEnvVarsInLog = 0;
		};
		E5DD2E94F1E3568038C18AA3 /* [CP] Check Pods Manifest.lock */ = {
			isa = PBXShellScriptBuildPhase;
			buildActionMask = 2147483647;
			files = (
			);
			inputFileListPaths = (
			);
			inputPaths = (
				"${PODS_PODFILE_DIR_PATH}/Podfile.lock",
				"${PODS_ROOT}/Manifest.lock",
			);
			name = "[CP] Check Pods Manifest.lock";
			outputFileListPaths = (
			);
			outputPaths = (
				"$(DERIVED_FILE_DIR)/Pods-Juke-JukeUITests-checkManifestLockResult.txt",
			);
			runOnlyForDeploymentPostprocessing = 0;
			shellPath = /bin/sh;
			shellScript = "diff \"${PODS_PODFILE_DIR_PATH}/Podfile.lock\" \"${PODS_ROOT}/Manifest.lock\" > /dev/null\nif [ $? != 0 ] ; then\n    # print error to STDERR\n    echo \"error: The sandbox is not in sync with the Podfile.lock. Run 'pod install' or update your CocoaPods installation.\" >&2\n    exit 1\nfi\n# This output is used by Xcode 'outputs' to avoid re-running this script phase.\necho \"SUCCESS\" > \"${SCRIPT_OUTPUT_FILE_0}\"\n";
			showEnvVarsInLog = 0;
		};
/* End PBXShellScriptBuildPhase section */

/* Begin PBXSourcesBuildPhase section */
		6EC4DA3B26830192009A8A61 /* Sources */ = {
			isa = PBXSourcesBuildPhase;
			buildActionMask = 2147483647;
			files = (
				6EC4DA9F26830250009A8A61 /* AuthStatusView.swift in Sources */,
				6EC4DAA226830250009A8A61 /* ContentView.swift in Sources */,
				6EC4DA72268301E3009A8A61 /* JukeApp.swift in Sources */,
				6EAA3521268377D600F9735B /* Store.swift in Sources */,
				6EC4DAA126830250009A8A61 /* RootView.swift in Sources */,
				6EC4DA9E26830250009A8A61 /* Action.swift in Sources */,
				6EC4DAA026830250009A8A61 /* LogInView.swift in Sources */,
				6EC4DA9C26830250009A8A61 /* UserAutherization.swift in Sources */,
			);
			runOnlyForDeploymentPostprocessing = 0;
		};
		6EC4DA4C26830193009A8A61 /* Sources */ = {
			isa = PBXSourcesBuildPhase;
			buildActionMask = 2147483647;
			files = (
				6EC4DA5526830193009A8A61 /* JukeTests.swift in Sources */,
			);
			runOnlyForDeploymentPostprocessing = 0;
		};
		6EC4DA5726830193009A8A61 /* Sources */ = {
			isa = PBXSourcesBuildPhase;
			buildActionMask = 2147483647;
			files = (
				6EC4DA6026830193009A8A61 /* JukeUITests.swift in Sources */,
			);
			runOnlyForDeploymentPostprocessing = 0;
		};
/* End PBXSourcesBuildPhase section */

/* Begin PBXTargetDependency section */
		6EC4DA5226830193009A8A61 /* PBXTargetDependency */ = {
			isa = PBXTargetDependency;
			target = 6EC4DA3E26830192009A8A61 /* Juke */;
			targetProxy = 6EC4DA5126830193009A8A61 /* PBXContainerItemProxy */;
		};
		6EC4DA5D26830193009A8A61 /* PBXTargetDependency */ = {
			isa = PBXTargetDependency;
			target = 6EC4DA3E26830192009A8A61 /* Juke */;
			targetProxy = 6EC4DA5C26830193009A8A61 /* PBXContainerItemProxy */;
		};
/* End PBXTargetDependency section */

/* Begin XCBuildConfiguration section */
		6EC4DA6226830193009A8A61 /* Debug */ = {
			isa = XCBuildConfiguration;
			buildSettings = {
				ALWAYS_SEARCH_USER_PATHS = NO;
				CLANG_ANALYZER_NONNULL = YES;
				CLANG_ANALYZER_NUMBER_OBJECT_CONVERSION = YES_AGGRESSIVE;
				CLANG_CXX_LANGUAGE_STANDARD = "gnu++14";
				CLANG_CXX_LIBRARY = "libc++";
				CLANG_ENABLE_MODULES = YES;
				CLANG_ENABLE_OBJC_ARC = YES;
				CLANG_ENABLE_OBJC_WEAK = YES;
				CLANG_WARN_BLOCK_CAPTURE_AUTORELEASING = YES;
				CLANG_WARN_BOOL_CONVERSION = YES;
				CLANG_WARN_COMMA = YES;
				CLANG_WARN_CONSTANT_CONVERSION = YES;
				CLANG_WARN_DEPRECATED_OBJC_IMPLEMENTATIONS = YES;
				CLANG_WARN_DIRECT_OBJC_ISA_USAGE = YES_ERROR;
				CLANG_WARN_DOCUMENTATION_COMMENTS = YES;
				CLANG_WARN_EMPTY_BODY = YES;
				CLANG_WARN_ENUM_CONVERSION = YES;
				CLANG_WARN_INFINITE_RECURSION = YES;
				CLANG_WARN_INT_CONVERSION = YES;
				CLANG_WARN_NON_LITERAL_NULL_CONVERSION = YES;
				CLANG_WARN_OBJC_IMPLICIT_RETAIN_SELF = YES;
				CLANG_WARN_OBJC_LITERAL_CONVERSION = YES;
				CLANG_WARN_OBJC_ROOT_CLASS = YES_ERROR;
				CLANG_WARN_QUOTED_INCLUDE_IN_FRAMEWORK_HEADER = YES;
				CLANG_WARN_RANGE_LOOP_ANALYSIS = YES;
				CLANG_WARN_STRICT_PROTOTYPES = YES;
				CLANG_WARN_SUSPICIOUS_MOVE = YES;
				CLANG_WARN_UNGUARDED_AVAILABILITY = YES_AGGRESSIVE;
				CLANG_WARN_UNREACHABLE_CODE = YES;
				CLANG_WARN__DUPLICATE_METHOD_MATCH = YES;
				COPY_PHASE_STRIP = NO;
				DEBUG_INFORMATION_FORMAT = dwarf;
				ENABLE_STRICT_OBJC_MSGSEND = YES;
				ENABLE_TESTABILITY = YES;
				GCC_C_LANGUAGE_STANDARD = gnu11;
				GCC_DYNAMIC_NO_PIC = NO;
				GCC_NO_COMMON_BLOCKS = YES;
				GCC_OPTIMIZATION_LEVEL = 0;
				GCC_PREPROCESSOR_DEFINITIONS = (
					"DEBUG=1",
					"$(inherited)",
				);
				GCC_WARN_64_TO_32_BIT_CONVERSION = YES;
				GCC_WARN_ABOUT_RETURN_TYPE = YES_ERROR;
				GCC_WARN_UNDECLARED_SELECTOR = YES;
				GCC_WARN_UNINITIALIZED_AUTOS = YES_AGGRESSIVE;
				GCC_WARN_UNUSED_FUNCTION = YES;
				GCC_WARN_UNUSED_VARIABLE = YES;
				IPHONEOS_DEPLOYMENT_TARGET = 14.5;
				MTL_ENABLE_DEBUG_INFO = INCLUDE_SOURCE;
				MTL_FAST_MATH = YES;
				ONLY_ACTIVE_ARCH = YES;
				SDKROOT = iphoneos;
				SWIFT_ACTIVE_COMPILATION_CONDITIONS = DEBUG;
				SWIFT_OPTIMIZATION_LEVEL = "-Onone";
			};
			name = Debug;
		};
		6EC4DA6326830193009A8A61 /* Release */ = {
			isa = XCBuildConfiguration;
			buildSettings = {
				ALWAYS_SEARCH_USER_PATHS = NO;
				CLANG_ANALYZER_NONNULL = YES;
				CLANG_ANALYZER_NUMBER_OBJECT_CONVERSION = YES_AGGRESSIVE;
				CLANG_CXX_LANGUAGE_STANDARD = "gnu++14";
				CLANG_CXX_LIBRARY = "libc++";
				CLANG_ENABLE_MODULES = YES;
				CLANG_ENABLE_OBJC_ARC = YES;
				CLANG_ENABLE_OBJC_WEAK = YES;
				CLANG_WARN_BLOCK_CAPTURE_AUTORELEASING = YES;
				CLANG_WARN_BOOL_CONVERSION = YES;
				CLANG_WARN_COMMA = YES;
				CLANG_WARN_CONSTANT_CONVERSION = YES;
				CLANG_WARN_DEPRECATED_OBJC_IMPLEMENTATIONS = YES;
				CLANG_WARN_DIRECT_OBJC_ISA_USAGE = YES_ERROR;
				CLANG_WARN_DOCUMENTATION_COMMENTS = YES;
				CLANG_WARN_EMPTY_BODY = YES;
				CLANG_WARN_ENUM_CONVERSION = YES;
				CLANG_WARN_INFINITE_RECURSION = YES;
				CLANG_WARN_INT_CONVERSION = YES;
				CLANG_WARN_NON_LITERAL_NULL_CONVERSION = YES;
				CLANG_WARN_OBJC_IMPLICIT_RETAIN_SELF = YES;
				CLANG_WARN_OBJC_LITERAL_CONVERSION = YES;
				CLANG_WARN_OBJC_ROOT_CLASS = YES_ERROR;
				CLANG_WARN_QUOTED_INCLUDE_IN_FRAMEWORK_HEADER = YES;
				CLANG_WARN_RANGE_LOOP_ANALYSIS = YES;
				CLANG_WARN_STRICT_PROTOTYPES = YES;
				CLANG_WARN_SUSPICIOUS_MOVE = YES;
				CLANG_WARN_UNGUARDED_AVAILABILITY = YES_AGGRESSIVE;
				CLANG_WARN_UNREACHABLE_CODE = YES;
				CLANG_WARN__DUPLICATE_METHOD_MATCH = YES;
				COPY_PHASE_STRIP = NO;
				DEBUG_INFORMATION_FORMAT = "dwarf-with-dsym";
				ENABLE_NS_ASSERTIONS = NO;
				ENABLE_STRICT_OBJC_MSGSEND = YES;
				GCC_C_LANGUAGE_STANDARD = gnu11;
				GCC_NO_COMMON_BLOCKS = YES;
				GCC_WARN_64_TO_32_BIT_CONVERSION = YES;
				GCC_WARN_ABOUT_RETURN_TYPE = YES_ERROR;
				GCC_WARN_UNDECLARED_SELECTOR = YES;
				GCC_WARN_UNINITIALIZED_AUTOS = YES_AGGRESSIVE;
				GCC_WARN_UNUSED_FUNCTION = YES;
				GCC_WARN_UNUSED_VARIABLE = YES;
				IPHONEOS_DEPLOYMENT_TARGET = 14.5;
				MTL_ENABLE_DEBUG_INFO = NO;
				MTL_FAST_MATH = YES;
				SDKROOT = iphoneos;
				SWIFT_COMPILATION_MODE = wholemodule;
				SWIFT_OPTIMIZATION_LEVEL = "-O";
				VALIDATE_PRODUCT = YES;
			};
			name = Release;
		};
		6EC4DA6526830193009A8A61 /* Debug */ = {
			isa = XCBuildConfiguration;
			baseConfigurationReference = E27439E73C745EE38E401751 /* Pods-Juke.debug.xcconfig */;
			buildSettings = {
				ASSETCATALOG_COMPILER_APPICON_NAME = AppIcon;
				ASSETCATALOG_COMPILER_GLOBAL_ACCENT_COLOR_NAME = AccentColor;
				CODE_SIGN_STYLE = Automatic;
				DEVELOPMENT_ASSET_PATHS = "\"Juke/Preview Content\"";
				DEVELOPMENT_TEAM = K32U7M3BPT;
				ENABLE_PREVIEWS = YES;
				INFOPLIST_FILE = Juke/Info.plist;
				IPHONEOS_DEPLOYMENT_TARGET = 14.0;
				LD_RUNPATH_SEARCH_PATHS = (
					"$(inherited)",
					"@executable_path/Frameworks",
				);
				PRODUCT_BUNDLE_IDENTIFIER = llc.upup.Juke;
				PRODUCT_NAME = "$(TARGET_NAME)";
				SWIFT_VERSION = 5.0;
				TARGETED_DEVICE_FAMILY = "1,2";
			};
			name = Debug;
		};
		6EC4DA6626830193009A8A61 /* Release */ = {
			isa = XCBuildConfiguration;
			baseConfigurationReference = 196648BCD8DCA90AE4B6BB86 /* Pods-Juke.release.xcconfig */;
			buildSettings = {
				ASSETCATALOG_COMPILER_APPICON_NAME = AppIcon;
				ASSETCATALOG_COMPILER_GLOBAL_ACCENT_COLOR_NAME = AccentColor;
				CODE_SIGN_STYLE = Automatic;
				DEVELOPMENT_ASSET_PATHS = "\"Juke/Preview Content\"";
				DEVELOPMENT_TEAM = K32U7M3BPT;
				ENABLE_PREVIEWS = YES;
				INFOPLIST_FILE = Juke/Info.plist;
				IPHONEOS_DEPLOYMENT_TARGET = 14.0;
				LD_RUNPATH_SEARCH_PATHS = (
					"$(inherited)",
					"@executable_path/Frameworks",
				);
				PRODUCT_BUNDLE_IDENTIFIER = llc.upup.Juke;
				PRODUCT_NAME = "$(TARGET_NAME)";
				SWIFT_VERSION = 5.0;
				TARGETED_DEVICE_FAMILY = "1,2";
			};
			name = Release;
		};
		6EC4DA6826830193009A8A61 /* Debug */ = {
			isa = XCBuildConfiguration;
			baseConfigurationReference = 41A07F5D3738BCBCC3504103 /* Pods-JukeTests.debug.xcconfig */;
			buildSettings = {
				ALWAYS_EMBED_SWIFT_STANDARD_LIBRARIES = YES;
				BUNDLE_LOADER = "$(TEST_HOST)";
				CODE_SIGN_STYLE = Automatic;
				DEVELOPMENT_TEAM = K32U7M3BPT;
				INFOPLIST_FILE = JukeTests/Info.plist;
				IPHONEOS_DEPLOYMENT_TARGET = 14.0;
				LD_RUNPATH_SEARCH_PATHS = (
					"$(inherited)",
					"@executable_path/Frameworks",
					"@loader_path/Frameworks",
				);
				PRODUCT_BUNDLE_IDENTIFIER = llc.upup.JukeTests;
				PRODUCT_NAME = "$(TARGET_NAME)";
				SWIFT_VERSION = 5.0;
				TARGETED_DEVICE_FAMILY = "1,2";
				TEST_HOST = "$(BUILT_PRODUCTS_DIR)/Juke.app/Juke";
			};
			name = Debug;
		};
		6EC4DA6926830193009A8A61 /* Release */ = {
			isa = XCBuildConfiguration;
			baseConfigurationReference = CA90BC8770960C2E0A7CE6D7 /* Pods-JukeTests.release.xcconfig */;
			buildSettings = {
				ALWAYS_EMBED_SWIFT_STANDARD_LIBRARIES = YES;
				BUNDLE_LOADER = "$(TEST_HOST)";
				CODE_SIGN_STYLE = Automatic;
				DEVELOPMENT_TEAM = K32U7M3BPT;
				INFOPLIST_FILE = JukeTests/Info.plist;
				IPHONEOS_DEPLOYMENT_TARGET = 14.0;
				LD_RUNPATH_SEARCH_PATHS = (
					"$(inherited)",
					"@executable_path/Frameworks",
					"@loader_path/Frameworks",
				);
				PRODUCT_BUNDLE_IDENTIFIER = llc.upup.JukeTests;
				PRODUCT_NAME = "$(TARGET_NAME)";
				SWIFT_VERSION = 5.0;
				TARGETED_DEVICE_FAMILY = "1,2";
				TEST_HOST = "$(BUILT_PRODUCTS_DIR)/Juke.app/Juke";
			};
			name = Release;
		};
		6EC4DA6B26830193009A8A61 /* Debug */ = {
			isa = XCBuildConfiguration;
			baseConfigurationReference = DCB53382DF1778C18C175BFE /* Pods-Juke-JukeUITests.debug.xcconfig */;
			buildSettings = {
				ALWAYS_EMBED_SWIFT_STANDARD_LIBRARIES = YES;
				CODE_SIGN_STYLE = Automatic;
				DEVELOPMENT_TEAM = K32U7M3BPT;
				INFOPLIST_FILE = JukeUITests/Info.plist;
				LD_RUNPATH_SEARCH_PATHS = (
					"$(inherited)",
					"@executable_path/Frameworks",
					"@loader_path/Frameworks",
				);
				PRODUCT_BUNDLE_IDENTIFIER = llc.upup.JukeUITests;
				PRODUCT_NAME = "$(TARGET_NAME)";
				SWIFT_VERSION = 5.0;
				TARGETED_DEVICE_FAMILY = "1,2";
				TEST_TARGET_NAME = Juke;
			};
			name = Debug;
		};
		6EC4DA6C26830193009A8A61 /* Release */ = {
			isa = XCBuildConfiguration;
			baseConfigurationReference = 3D87E632CA4D208D12A6DFBA /* Pods-Juke-JukeUITests.release.xcconfig */;
			buildSettings = {
				ALWAYS_EMBED_SWIFT_STANDARD_LIBRARIES = YES;
				CODE_SIGN_STYLE = Automatic;
				DEVELOPMENT_TEAM = K32U7M3BPT;
				INFOPLIST_FILE = JukeUITests/Info.plist;
				LD_RUNPATH_SEARCH_PATHS = (
					"$(inherited)",
					"@executable_path/Frameworks",
					"@loader_path/Frameworks",
				);
				PRODUCT_BUNDLE_IDENTIFIER = llc.upup.JukeUITests;
				PRODUCT_NAME = "$(TARGET_NAME)";
				SWIFT_VERSION = 5.0;
				TARGETED_DEVICE_FAMILY = "1,2";
				TEST_TARGET_NAME = Juke;
			};
			name = Release;
		};
/* End XCBuildConfiguration section */

/* Begin XCConfigurationList section */
		6EC4DA3A26830192009A8A61 /* Build configuration list for PBXProject "Juke" */ = {
			isa = XCConfigurationList;
			buildConfigurations = (
				6EC4DA6226830193009A8A61 /* Debug */,
				6EC4DA6326830193009A8A61 /* Release */,
			);
			defaultConfigurationIsVisible = 0;
			defaultConfigurationName = Release;
		};
		6EC4DA6426830193009A8A61 /* Build configuration list for PBXNativeTarget "Juke" */ = {
			isa = XCConfigurationList;
			buildConfigurations = (
				6EC4DA6526830193009A8A61 /* Debug */,
				6EC4DA6626830193009A8A61 /* Release */,
			);
			defaultConfigurationIsVisible = 0;
			defaultConfigurationName = Release;
		};
		6EC4DA6726830193009A8A61 /* Build configuration list for PBXNativeTarget "JukeTests" */ = {
			isa = XCConfigurationList;
			buildConfigurations = (
				6EC4DA6826830193009A8A61 /* Debug */,
				6EC4DA6926830193009A8A61 /* Release */,
			);
			defaultConfigurationIsVisible = 0;
			defaultConfigurationName = Release;
		};
		6EC4DA6A26830193009A8A61 /* Build configuration list for PBXNativeTarget "JukeUITests" */ = {
			isa = XCConfigurationList;
			buildConfigurations = (
				6EC4DA6B26830193009A8A61 /* Debug */,
				6EC4DA6C26830193009A8A61 /* Release */,
			);
			defaultConfigurationIsVisible = 0;
			defaultConfigurationName = Release;
		};
/* End XCConfigurationList section */
	};
	rootObject = 6EC4DA3726830192009A8A61 /* Project object */;
}
